// !$*UTF8*$!
{
	archiveVersion = 1;
	classes = {
	};
	objectVersion = 50;
	objects = {

/* Begin PBXBuildFile section */
		8401E0D5264313A5003936B7 /* LineCreator.swift in Sources */ = {isa = PBXBuildFile; fileRef = 8401E0D4264313A5003936B7 /* LineCreator.swift */; };
		8401E0D92643146A003936B7 /* PolygonCreator.swift in Sources */ = {isa = PBXBuildFile; fileRef = 8401E0D82643146A003936B7 /* PolygonCreator.swift */; };
		8401E0DC26431516003936B7 /* RectangleCreator.swift in Sources */ = {isa = PBXBuildFile; fileRef = 8401E0DB26431516003936B7 /* RectangleCreator.swift */; };
		8401E0DF26431592003936B7 /* OvalCreator.swift in Sources */ = {isa = PBXBuildFile; fileRef = 8401E0DE26431592003936B7 /* OvalCreator.swift */; };
		8401E0E326431688003936B7 /* CircleCreator.swift in Sources */ = {isa = PBXBuildFile; fileRef = 8401E0E226431688003936B7 /* CircleCreator.swift */; };
		84021F5F25FCB0F700D77BFC /* PresentationController.swift in Sources */ = {isa = PBXBuildFile; fileRef = 84021F5E25FCB0F700D77BFC /* PresentationController.swift */; };
		840B7BB22601448F00FF643D /* Circle.swift in Sources */ = {isa = PBXBuildFile; fileRef = 840B7BB12601448F00FF643D /* Circle.swift */; };
		8412EDC825FB3DC40016BE43 /* PenViewController.swift in Sources */ = {isa = PBXBuildFile; fileRef = 8412EDC625FB3DC40016BE43 /* PenViewController.swift */; };
		8412EDC925FB3DC40016BE43 /* PenViewController.xib in Resources */ = {isa = PBXBuildFile; fileRef = 8412EDC725FB3DC40016BE43 /* PenViewController.xib */; };
		8412EDCB25FB437E0016BE43 /* Preview.swift in Sources */ = {isa = PBXBuildFile; fileRef = 8412EDCA25FB437E0016BE43 /* Preview.swift */; };
		84C047DA25FD3532006DB895 /* ShapeOptions.swift in Sources */ = {isa = PBXBuildFile; fileRef = 84C047D925FD3532006DB895 /* ShapeOptions.swift */; };
		84C047DC25FD4FF5006DB895 /* Oval.swift in Sources */ = {isa = PBXBuildFile; fileRef = 84C047DB25FD4FF5006DB895 /* Oval.swift */; };
		84C047DE25FD5532006DB895 /* Polygon.swift in Sources */ = {isa = PBXBuildFile; fileRef = 84C047DD25FD5532006DB895 /* Polygon.swift */; };
		84C047E025FD5A4B006DB895 /* CanvasDatasource.swift in Sources */ = {isa = PBXBuildFile; fileRef = 84C047DF25FD5A4B006DB895 /* CanvasDatasource.swift */; };
		84C35AA225FAB58D00BF7021 /* MainViewController.swift in Sources */ = {isa = PBXBuildFile; fileRef = 84C35AA025FAB58D00BF7021 /* MainViewController.swift */; };
		84C35AA325FAB58D00BF7021 /* MainViewController.xib in Resources */ = {isa = PBXBuildFile; fileRef = 84C35AA125FAB58D00BF7021 /* MainViewController.xib */; };
		84D029AC26206D5600F56CDE /* LoadViewController.swift in Sources */ = {isa = PBXBuildFile; fileRef = 84D029AB26206D5600F56CDE /* LoadViewController.swift */; };
		84D343FC2619B8F1009042D0 /* ShapeArrayCoder.swift in Sources */ = {isa = PBXBuildFile; fileRef = 84D343FB2619B8F1009042D0 /* ShapeArrayCoder.swift */; };
		84D8B91525FB70E100C98B72 /* DrawOptions.swift in Sources */ = {isa = PBXBuildFile; fileRef = 84D8B91425FB70E100C98B72 /* DrawOptions.swift */; };
		84DA0A9E261E269B00A121CF /* MainViewControllerExtension.swift in Sources */ = {isa = PBXBuildFile; fileRef = 84DA0A9D261E269B00A121CF /* MainViewControllerExtension.swift */; };
		84E3483C25EB9452003E7D27 /* AppDelegate.swift in Sources */ = {isa = PBXBuildFile; fileRef = 84E3483B25EB9452003E7D27 /* AppDelegate.swift */; };
		84E3484525EB9455003E7D27 /* Assets.xcassets in Resources */ = {isa = PBXBuildFile; fileRef = 84E3484425EB9455003E7D27 /* Assets.xcassets */; };
		84E3484825EB9455003E7D27 /* LaunchScreen.storyboard in Resources */ = {isa = PBXBuildFile; fileRef = 84E3484625EB9455003E7D27 /* LaunchScreen.storyboard */; };
		84E3485225EB9533003E7D27 /* Canvas.swift in Sources */ = {isa = PBXBuildFile; fileRef = 84E3485125EB9533003E7D27 /* Canvas.swift */; };
		84E7E058261F7B5800B3C357 /* FileTableViewCell.swift in Sources */ = {isa = PBXBuildFile; fileRef = 84E7E056261F7B5800B3C357 /* FileTableViewCell.swift */; };
		84E7E059261F7B5800B3C357 /* FileTableViewCell.xib in Resources */ = {isa = PBXBuildFile; fileRef = 84E7E057261F7B5800B3C357 /* FileTableViewCell.xib */; };
		84F623DC2619EED1000F44F6 /* SaveController.swift in Sources */ = {isa = PBXBuildFile; fileRef = 84F623DA2619EED1000F44F6 /* SaveController.swift */; };
		84F623DD2619EED1000F44F6 /* SaveController.xib in Resources */ = {isa = PBXBuildFile; fileRef = 84F623DB2619EED1000F44F6 /* SaveController.xib */; };
		84F6C13825FCEBB600DA9190 /* ShapeSelectionController.swift in Sources */ = {isa = PBXBuildFile; fileRef = 84F6C13725FCEBB600DA9190 /* ShapeSelectionController.swift */; };
		84FC8D2B261FB82D00303C68 /* TextController.swift in Sources */ = {isa = PBXBuildFile; fileRef = 84FC8D2A261FB82D00303C68 /* TextController.swift */; };
		84FD995E25FBA34B0058293B /* Line.swift in Sources */ = {isa = PBXBuildFile; fileRef = 84FD995D25FBA34B0058293B /* Line.swift */; };
		84FD996025FBB2720058293B /* Rectangle.swift in Sources */ = {isa = PBXBuildFile; fileRef = 84FD995F25FBB2720058293B /* Rectangle.swift */; };
		84FF4B6F264C5B9B00D5C664 /* Shape.framework in Frameworks */ = {isa = PBXBuildFile; fileRef = 84FF4B6D264C5B9700D5C664 /* Shape.framework */; };
		84FF4B70264C5B9B00D5C664 /* Shape.framework in Embed Frameworks */ = {isa = PBXBuildFile; fileRef = 84FF4B6D264C5B9700D5C664 /* Shape.framework */; settings = {ATTRIBUTES = (RemoveHeadersOnCopy, ); }; };
		84FF4B73264C5BCA00D5C664 /* Trapezium.framework in Frameworks */ = {isa = PBXBuildFile; fileRef = 84FF4B71264C5BC700D5C664 /* Trapezium.framework */; };
		84FF4B74264C5BCA00D5C664 /* Trapezium.framework in Embed Frameworks */ = {isa = PBXBuildFile; fileRef = 84FF4B71264C5BC700D5C664 /* Trapezium.framework */; settings = {ATTRIBUTES = (RemoveHeadersOnCopy, ); }; };
/* End PBXBuildFile section */

/* Begin PBXCopyFilesBuildPhase section */
		84FF4B3D264C527F00D5C664 /* Embed Frameworks */ = {
			isa = PBXCopyFilesBuildPhase;
			buildActionMask = 2147483647;
			dstPath = "";
			dstSubfolderSpec = 10;
			files = (
				84FF4B74264C5BCA00D5C664 /* Trapezium.framework in Embed Frameworks */,
				84FF4B70264C5B9B00D5C664 /* Shape.framework in Embed Frameworks */,
			);
			name = "Embed Frameworks";
			runOnlyForDeploymentPostprocessing = 0;
		};
/* End PBXCopyFilesBuildPhase section */

/* Begin PBXFileReference section */
		8401E0D4264313A5003936B7 /* LineCreator.swift */ = {isa = PBXFileReference; lastKnownFileType = sourcecode.swift; path = LineCreator.swift; sourceTree = "<group>"; };
		8401E0D82643146A003936B7 /* PolygonCreator.swift */ = {isa = PBXFileReference; lastKnownFileType = sourcecode.swift; path = PolygonCreator.swift; sourceTree = "<group>"; };
		8401E0DB26431516003936B7 /* RectangleCreator.swift */ = {isa = PBXFileReference; lastKnownFileType = sourcecode.swift; path = RectangleCreator.swift; sourceTree = "<group>"; };
		8401E0DE26431592003936B7 /* OvalCreator.swift */ = {isa = PBXFileReference; lastKnownFileType = sourcecode.swift; path = OvalCreator.swift; sourceTree = "<group>"; };
		8401E0E226431688003936B7 /* CircleCreator.swift */ = {isa = PBXFileReference; lastKnownFileType = sourcecode.swift; path = CircleCreator.swift; sourceTree = "<group>"; };
		84021F5E25FCB0F700D77BFC /* PresentationController.swift */ = {isa = PBXFileReference; lastKnownFileType = sourcecode.swift; path = PresentationController.swift; sourceTree = "<group>"; };
		840B7BB12601448F00FF643D /* Circle.swift */ = {isa = PBXFileReference; lastKnownFileType = sourcecode.swift; path = Circle.swift; sourceTree = "<group>"; };
		8412EDC625FB3DC40016BE43 /* PenViewController.swift */ = {isa = PBXFileReference; lastKnownFileType = sourcecode.swift; path = PenViewController.swift; sourceTree = "<group>"; };
		8412EDC725FB3DC40016BE43 /* PenViewController.xib */ = {isa = PBXFileReference; lastKnownFileType = file.xib; path = PenViewController.xib; sourceTree = "<group>"; };
		8412EDCA25FB437E0016BE43 /* Preview.swift */ = {isa = PBXFileReference; lastKnownFileType = sourcecode.swift; path = Preview.swift; sourceTree = "<group>"; };
		84C047D925FD3532006DB895 /* ShapeOptions.swift */ = {isa = PBXFileReference; lastKnownFileType = sourcecode.swift; path = ShapeOptions.swift; sourceTree = "<group>"; };
		84C047DB25FD4FF5006DB895 /* Oval.swift */ = {isa = PBXFileReference; lastKnownFileType = sourcecode.swift; path = Oval.swift; sourceTree = "<group>"; };
		84C047DD25FD5532006DB895 /* Polygon.swift */ = {isa = PBXFileReference; lastKnownFileType = sourcecode.swift; path = Polygon.swift; sourceTree = "<group>"; };
		84C047DF25FD5A4B006DB895 /* CanvasDatasource.swift */ = {isa = PBXFileReference; lastKnownFileType = sourcecode.swift; path = CanvasDatasource.swift; sourceTree = "<group>"; };
		84C35AA025FAB58D00BF7021 /* MainViewController.swift */ = {isa = PBXFileReference; lastKnownFileType = sourcecode.swift; path = MainViewController.swift; sourceTree = "<group>"; };
		84C35AA125FAB58D00BF7021 /* MainViewController.xib */ = {isa = PBXFileReference; lastKnownFileType = file.xib; path = MainViewController.xib; sourceTree = "<group>"; };
		84D029AB26206D5600F56CDE /* LoadViewController.swift */ = {isa = PBXFileReference; lastKnownFileType = sourcecode.swift; path = LoadViewController.swift; sourceTree = "<group>"; };
		84D343FB2619B8F1009042D0 /* ShapeArrayCoder.swift */ = {isa = PBXFileReference; lastKnownFileType = sourcecode.swift; path = ShapeArrayCoder.swift; sourceTree = "<group>"; };
		84D8B91425FB70E100C98B72 /* DrawOptions.swift */ = {isa = PBXFileReference; lastKnownFileType = sourcecode.swift; path = DrawOptions.swift; sourceTree = "<group>"; };
		84DA0A9D261E269B00A121CF /* MainViewControllerExtension.swift */ = {isa = PBXFileReference; lastKnownFileType = sourcecode.swift; path = MainViewControllerExtension.swift; sourceTree = "<group>"; };
		84E3483825EB9452003E7D27 /* OOP.app */ = {isa = PBXFileReference; explicitFileType = wrapper.application; includeInIndex = 0; path = OOP.app; sourceTree = BUILT_PRODUCTS_DIR; };
		84E3483B25EB9452003E7D27 /* AppDelegate.swift */ = {isa = PBXFileReference; lastKnownFileType = sourcecode.swift; path = AppDelegate.swift; sourceTree = "<group>"; };
		84E3484425EB9455003E7D27 /* Assets.xcassets */ = {isa = PBXFileReference; lastKnownFileType = folder.assetcatalog; path = Assets.xcassets; sourceTree = "<group>"; };
		84E3484725EB9455003E7D27 /* Base */ = {isa = PBXFileReference; lastKnownFileType = file.storyboard; name = Base; path = Base.lproj/LaunchScreen.storyboard; sourceTree = "<group>"; };
		84E3484925EB9455003E7D27 /* Info.plist */ = {isa = PBXFileReference; lastKnownFileType = text.plist.xml; path = Info.plist; sourceTree = "<group>"; };
		84E3485125EB9533003E7D27 /* Canvas.swift */ = {isa = PBXFileReference; lastKnownFileType = sourcecode.swift; path = Canvas.swift; sourceTree = "<group>"; };
		84E7E056261F7B5800B3C357 /* FileTableViewCell.swift */ = {isa = PBXFileReference; lastKnownFileType = sourcecode.swift; path = FileTableViewCell.swift; sourceTree = "<group>"; };
		84E7E057261F7B5800B3C357 /* FileTableViewCell.xib */ = {isa = PBXFileReference; lastKnownFileType = file.xib; path = FileTableViewCell.xib; sourceTree = "<group>"; };
		84F623DA2619EED1000F44F6 /* SaveController.swift */ = {isa = PBXFileReference; lastKnownFileType = sourcecode.swift; path = SaveController.swift; sourceTree = "<group>"; };
		84F623DB2619EED1000F44F6 /* SaveController.xib */ = {isa = PBXFileReference; lastKnownFileType = file.xib; path = SaveController.xib; sourceTree = "<group>"; };
		84F6C13725FCEBB600DA9190 /* ShapeSelectionController.swift */ = {isa = PBXFileReference; lastKnownFileType = sourcecode.swift; path = ShapeSelectionController.swift; sourceTree = "<group>"; };
		84FC8D2A261FB82D00303C68 /* TextController.swift */ = {isa = PBXFileReference; lastKnownFileType = sourcecode.swift; path = TextController.swift; sourceTree = "<group>"; };
		84FD995D25FBA34B0058293B /* Line.swift */ = {isa = PBXFileReference; lastKnownFileType = sourcecode.swift; path = Line.swift; sourceTree = "<group>"; };
		84FD995F25FBB2720058293B /* Rectangle.swift */ = {isa = PBXFileReference; lastKnownFileType = sourcecode.swift; path = Rectangle.swift; sourceTree = "<group>"; };
		84FF4B6D264C5B9700D5C664 /* Shape.framework */ = {isa = PBXFileReference; lastKnownFileType = wrapper.framework; path = Shape.framework; sourceTree = "<group>"; };
		84FF4B71264C5BC700D5C664 /* Trapezium.framework */ = {isa = PBXFileReference; lastKnownFileType = wrapper.framework; path = Trapezium.framework; sourceTree = "<group>"; };
/* End PBXFileReference section */

/* Begin PBXFrameworksBuildPhase section */
		84E3483525EB9452003E7D27 /* Frameworks */ = {
			isa = PBXFrameworksBuildPhase;
			buildActionMask = 2147483647;
			files = (
				84FF4B73264C5BCA00D5C664 /* Trapezium.framework in Frameworks */,
				84FF4B6F264C5B9B00D5C664 /* Shape.framework in Frameworks */,
			);
			runOnlyForDeploymentPostprocessing = 0;
		};
/* End PBXFrameworksBuildPhase section */

/* Begin PBXGroup section */
		8401E0E1264315EF003936B7 /* ShapeCreators */ = {
			isa = PBXGroup;
			children = (
				8401E0D4264313A5003936B7 /* LineCreator.swift */,
				8401E0D82643146A003936B7 /* PolygonCreator.swift */,
				8401E0E226431688003936B7 /* CircleCreator.swift */,
				8401E0DE26431592003936B7 /* OvalCreator.swift */,
				8401E0DB26431516003936B7 /* RectangleCreator.swift */,
			);
			path = ShapeCreators;
			sourceTree = "<group>";
		};
		84D029B0262085C000F56CDE /* PenViewController */ = {
			isa = PBXGroup;
			children = (
				8412EDC625FB3DC40016BE43 /* PenViewController.swift */,
				8412EDC725FB3DC40016BE43 /* PenViewController.xib */,
			);
			path = PenViewController;
			sourceTree = "<group>";
		};
		84D029B1262085D800F56CDE /* SaveController */ = {
			isa = PBXGroup;
			children = (
				84F623DA2619EED1000F44F6 /* SaveController.swift */,
				84F623DB2619EED1000F44F6 /* SaveController.xib */,
			);
			path = SaveController;
			sourceTree = "<group>";
		};
		84DA0A9C261E25B400A121CF /* MainViewController */ = {
			isa = PBXGroup;
			children = (
				84C35AA125FAB58D00BF7021 /* MainViewController.xib */,
				84C35AA025FAB58D00BF7021 /* MainViewController.swift */,
				84DA0A9D261E269B00A121CF /* MainViewControllerExtension.swift */,
			);
			path = MainViewController;
			sourceTree = "<group>";
		};
		84E3482F25EB9452003E7D27 = {
			isa = PBXGroup;
			children = (
				84E3483A25EB9452003E7D27 /* OOP */,
				84E3484625EB9455003E7D27 /* LaunchScreen.storyboard */,
				84FF4B6D264C5B9700D5C664 /* Shape.framework */,
				84FF4B71264C5BC700D5C664 /* Trapezium.framework */,
			);
			sourceTree = "<group>";
		};
		84E3483925EB9452003E7D27 /* Products */ = {
			isa = PBXGroup;
			children = (
				84E3483825EB9452003E7D27 /* OOP.app */,
			);
			name = Products;
			path = ..;
			sourceTree = "<group>";
		};
		84E3483A25EB9452003E7D27 /* OOP */ = {
			isa = PBXGroup;
			children = (
				84E3483925EB9452003E7D27 /* Products */,
				84E3483B25EB9452003E7D27 /* AppDelegate.swift */,
				84E5BCDA25FA4D6B00702014 /* Model */,
				84E5BCDB25FA4D7D00702014 /* View */,
				84E5BCDC25FA4D8D00702014 /* Controller */,
				84E3484425EB9455003E7D27 /* Assets.xcassets */,
				84E3484925EB9455003E7D27 /* Info.plist */,
			);
			path = OOP;
			sourceTree = "<group>";
		};
		84E5BCDA25FA4D6B00702014 /* Model */ = {
			isa = PBXGroup;
			children = (
				8401E0E1264315EF003936B7 /* ShapeCreators */,
				84E5BCDD25FA830400702014 /* Shapes */,
				84D8B91425FB70E100C98B72 /* DrawOptions.swift */,
				84C047D925FD3532006DB895 /* ShapeOptions.swift */,
				84C047DF25FD5A4B006DB895 /* CanvasDatasource.swift */,
				84D343FB2619B8F1009042D0 /* ShapeArrayCoder.swift */,
			);
			path = Model;
			sourceTree = "<group>";
		};
		84E5BCDB25FA4D7D00702014 /* View */ = {
			isa = PBXGroup;
			children = (
				84F6A63D261F9AAF007CE8FC /* Cell */,
				84E3485125EB9533003E7D27 /* Canvas.swift */,
				8412EDCA25FB437E0016BE43 /* Preview.swift */,
			);
			path = View;
			sourceTree = "<group>";
		};
		84E5BCDC25FA4D8D00702014 /* Controller */ = {
			isa = PBXGroup;
			children = (
				84DA0A9C261E25B400A121CF /* MainViewController */,
				84D029B0262085C000F56CDE /* PenViewController */,
				84D029B1262085D800F56CDE /* SaveController */,
				84F6C13725FCEBB600DA9190 /* ShapeSelectionController.swift */,
				84D029AB26206D5600F56CDE /* LoadViewController.swift */,
				84FC8D2A261FB82D00303C68 /* TextController.swift */,
				84021F5E25FCB0F700D77BFC /* PresentationController.swift */,
			);
			path = Controller;
			sourceTree = "<group>";
		};
		84E5BCDD25FA830400702014 /* Shapes */ = {
			isa = PBXGroup;
			children = (
				84FD995D25FBA34B0058293B /* Line.swift */,
				84C047DD25FD5532006DB895 /* Polygon.swift */,
				840B7BB12601448F00FF643D /* Circle.swift */,
				84C047DB25FD4FF5006DB895 /* Oval.swift */,
				84FD995F25FBB2720058293B /* Rectangle.swift */,
			);
			path = Shapes;
			sourceTree = "<group>";
		};
		84F6A63D261F9AAF007CE8FC /* Cell */ = {
			isa = PBXGroup;
			children = (
				84E7E057261F7B5800B3C357 /* FileTableViewCell.xib */,
				84E7E056261F7B5800B3C357 /* FileTableViewCell.swift */,
			);
			path = Cell;
			sourceTree = "<group>";
		};
/* End PBXGroup section */

/* Begin PBXNativeTarget section */
		84E3483725EB9452003E7D27 /* OOP */ = {
			isa = PBXNativeTarget;
			buildConfigurationList = 84E3484C25EB9455003E7D27 /* Build configuration list for PBXNativeTarget "OOP" */;
			buildPhases = (
				84E3483425EB9452003E7D27 /* Sources */,
				84E3483525EB9452003E7D27 /* Frameworks */,
				84E3483625EB9452003E7D27 /* Resources */,
				84FF4B3D264C527F00D5C664 /* Embed Frameworks */,
			);
			buildRules = (
			);
			dependencies = (
			);
			name = OOP;
			productName = OOP;
			productReference = 84E3483825EB9452003E7D27 /* OOP.app */;
			productType = "com.apple.product-type.application";
		};
/* End PBXNativeTarget section */

/* Begin PBXProject section */
		84E3483025EB9452003E7D27 /* Project object */ = {
			isa = PBXProject;
			attributes = {
				LastSwiftUpdateCheck = 1130;
				LastUpgradeCheck = 1240;
				ORGANIZATIONNAME = "Ivan Budovich";
				TargetAttributes = {
					84E3483725EB9452003E7D27 = {
						CreatedOnToolsVersion = 11.3.1;
					};
				};
			};
			buildConfigurationList = 84E3483325EB9452003E7D27 /* Build configuration list for PBXProject "OOP" */;
			compatibilityVersion = "Xcode 9.3";
			developmentRegion = en;
			hasScannedForEncodings = 0;
			knownRegions = (
				en,
				Base,
			);
			mainGroup = 84E3482F25EB9452003E7D27;
			productRefGroup = 84E3483925EB9452003E7D27 /* Products */;
			projectDirPath = "";
			projectRoot = "";
			targets = (
				84E3483725EB9452003E7D27 /* OOP */,
			);
		};
/* End PBXProject section */

/* Begin PBXResourcesBuildPhase section */
		84E3483625EB9452003E7D27 /* Resources */ = {
			isa = PBXResourcesBuildPhase;
			buildActionMask = 2147483647;
			files = (
				8412EDC925FB3DC40016BE43 /* PenViewController.xib in Resources */,
				84E3484825EB9455003E7D27 /* LaunchScreen.storyboard in Resources */,
				84C35AA325FAB58D00BF7021 /* MainViewController.xib in Resources */,
				84F623DD2619EED1000F44F6 /* SaveController.xib in Resources */,
				84E3484525EB9455003E7D27 /* Assets.xcassets in Resources */,
				84E7E059261F7B5800B3C357 /* FileTableViewCell.xib in Resources */,
			);
			runOnlyForDeploymentPostprocessing = 0;
		};
/* End PBXResourcesBuildPhase section */

/* Begin PBXSourcesBuildPhase section */
		84E3483425EB9452003E7D27 /* Sources */ = {
			isa = PBXSourcesBuildPhase;
			buildActionMask = 2147483647;
			files = (
				84C047DE25FD5532006DB895 /* Polygon.swift in Sources */,
				8412EDC825FB3DC40016BE43 /* PenViewController.swift in Sources */,
				84E3483C25EB9452003E7D27 /* AppDelegate.swift in Sources */,
				8401E0DC26431516003936B7 /* RectangleCreator.swift in Sources */,
				84D029AC26206D5600F56CDE /* LoadViewController.swift in Sources */,
				8412EDCB25FB437E0016BE43 /* Preview.swift in Sources */,
				84F6C13825FCEBB600DA9190 /* ShapeSelectionController.swift in Sources */,
				8401E0DF26431592003936B7 /* OvalCreator.swift in Sources */,
				84E3485225EB9533003E7D27 /* Canvas.swift in Sources */,
				84C047DC25FD4FF5006DB895 /* Oval.swift in Sources */,
				84021F5F25FCB0F700D77BFC /* PresentationController.swift in Sources */,
				84FD996025FBB2720058293B /* Rectangle.swift in Sources */,
				84FC8D2B261FB82D00303C68 /* TextController.swift in Sources */,
				8401E0D5264313A5003936B7 /* LineCreator.swift in Sources */,
				84D8B91525FB70E100C98B72 /* DrawOptions.swift in Sources */,
				84E7E058261F7B5800B3C357 /* FileTableViewCell.swift in Sources */,
				8401E0E326431688003936B7 /* CircleCreator.swift in Sources */,
				840B7BB22601448F00FF643D /* Circle.swift in Sources */,
				84DA0A9E261E269B00A121CF /* MainViewControllerExtension.swift in Sources */,
				84D343FC2619B8F1009042D0 /* ShapeArrayCoder.swift in Sources */,
				84C047DA25FD3532006DB895 /* ShapeOptions.swift in Sources */,
				84FD995E25FBA34B0058293B /* Line.swift in Sources */,
				84C35AA225FAB58D00BF7021 /* MainViewController.swift in Sources */,
				84F623DC2619EED1000F44F6 /* SaveController.swift in Sources */,
				84C047E025FD5A4B006DB895 /* CanvasDatasource.swift in Sources */,
				8401E0D92643146A003936B7 /* PolygonCreator.swift in Sources */,
			);
			runOnlyForDeploymentPostprocessing = 0;
		};
/* End PBXSourcesBuildPhase section */

/* Begin PBXVariantGroup section */
		84E3484625EB9455003E7D27 /* LaunchScreen.storyboard */ = {
			isa = PBXVariantGroup;
			children = (
				84E3484725EB9455003E7D27 /* Base */,
			);
			name = LaunchScreen.storyboard;
			sourceTree = "<group>";
		};
/* End PBXVariantGroup section */

/* Begin XCBuildConfiguration section */
		84E3484A25EB9455003E7D27 /* Debug */ = {
			isa = XCBuildConfiguration;
			buildSettings = {
				ALWAYS_SEARCH_USER_PATHS = NO;
				CLANG_ANALYZER_NONNULL = YES;
				CLANG_ANALYZER_NUMBER_OBJECT_CONVERSION = YES_AGGRESSIVE;
				CLANG_CXX_LANGUAGE_STANDARD = "gnu++14";
				CLANG_CXX_LIBRARY = "libc++";
				CLANG_ENABLE_MODULES = YES;
				CLANG_ENABLE_OBJC_ARC = YES;
				CLANG_ENABLE_OBJC_WEAK = YES;
				CLANG_WARN_BLOCK_CAPTURE_AUTORELEASING = YES;
				CLANG_WARN_BOOL_CONVERSION = YES;
				CLANG_WARN_COMMA = YES;
				CLANG_WARN_CONSTANT_CONVERSION = YES;
				CLANG_WARN_DEPRECATED_OBJC_IMPLEMENTATIONS = YES;
				CLANG_WARN_DIRECT_OBJC_ISA_USAGE = YES_ERROR;
				CLANG_WARN_DOCUMENTATION_COMMENTS = YES;
				CLANG_WARN_EMPTY_BODY = YES;
				CLANG_WARN_ENUM_CONVERSION = YES;
				CLANG_WARN_INFINITE_RECURSION = YES;
				CLANG_WARN_INT_CONVERSION = YES;
				CLANG_WARN_NON_LITERAL_NULL_CONVERSION = YES;
				CLANG_WARN_OBJC_IMPLICIT_RETAIN_SELF = YES;
				CLANG_WARN_OBJC_LITERAL_CONVERSION = YES;
				CLANG_WARN_OBJC_ROOT_CLASS = YES_ERROR;
				CLANG_WARN_QUOTED_INCLUDE_IN_FRAMEWORK_HEADER = YES;
				CLANG_WARN_RANGE_LOOP_ANALYSIS = YES;
				CLANG_WARN_STRICT_PROTOTYPES = YES;
				CLANG_WARN_SUSPICIOUS_MOVE = YES;
				CLANG_WARN_UNGUARDED_AVAILABILITY = YES_AGGRESSIVE;
				CLANG_WARN_UNREACHABLE_CODE = YES;
				CLANG_WARN__DUPLICATE_METHOD_MATCH = YES;
				COPY_PHASE_STRIP = NO;
				DEBUG_INFORMATION_FORMAT = dwarf;
				ENABLE_STRICT_OBJC_MSGSEND = YES;
				ENABLE_TESTABILITY = YES;
				GCC_C_LANGUAGE_STANDARD = gnu11;
				GCC_DYNAMIC_NO_PIC = NO;
				GCC_NO_COMMON_BLOCKS = YES;
				GCC_OPTIMIZATION_LEVEL = 0;
				GCC_PREPROCESSOR_DEFINITIONS = (
					"DEBUG=1",
					"$(inherited)",
				);
				GCC_WARN_64_TO_32_BIT_CONVERSION = YES;
				GCC_WARN_ABOUT_RETURN_TYPE = YES_ERROR;
				GCC_WARN_UNDECLARED_SELECTOR = YES;
				GCC_WARN_UNINITIALIZED_AUTOS = YES_AGGRESSIVE;
				GCC_WARN_UNUSED_FUNCTION = YES;
				GCC_WARN_UNUSED_VARIABLE = YES;
				IPHONEOS_DEPLOYMENT_TARGET = 14.4;
				MTL_ENABLE_DEBUG_INFO = INCLUDE_SOURCE;
				MTL_FAST_MATH = YES;
				ONLY_ACTIVE_ARCH = YES;
				SDKROOT = iphoneos;
				SWIFT_ACTIVE_COMPILATION_CONDITIONS = DEBUG;
				SWIFT_OPTIMIZATION_LEVEL = "-Onone";
			};
			name = Debug;
		};
		84E3484B25EB9455003E7D27 /* Release */ = {
			isa = XCBuildConfiguration;
			buildSettings = {
				ALWAYS_SEARCH_USER_PATHS = NO;
				CLANG_ANALYZER_NONNULL = YES;
				CLANG_ANALYZER_NUMBER_OBJECT_CONVERSION = YES_AGGRESSIVE;
				CLANG_CXX_LANGUAGE_STANDARD = "gnu++14";
				CLANG_CXX_LIBRARY = "libc++";
				CLANG_ENABLE_MODULES = YES;
				CLANG_ENABLE_OBJC_ARC = YES;
				CLANG_ENABLE_OBJC_WEAK = YES;
				CLANG_WARN_BLOCK_CAPTURE_AUTORELEASING = YES;
				CLANG_WARN_BOOL_CONVERSION = YES;
				CLANG_WARN_COMMA = YES;
				CLANG_WARN_CONSTANT_CONVERSION = YES;
				CLANG_WARN_DEPRECATED_OBJC_IMPLEMENTATIONS = YES;
				CLANG_WARN_DIRECT_OBJC_ISA_USAGE = YES_ERROR;
				CLANG_WARN_DOCUMENTATION_COMMENTS = YES;
				CLANG_WARN_EMPTY_BODY = YES;
				CLANG_WARN_ENUM_CONVERSION = YES;
				CLANG_WARN_INFINITE_RECURSION = YES;
				CLANG_WARN_INT_CONVERSION = YES;
				CLANG_WARN_NON_LITERAL_NULL_CONVERSION = YES;
				CLANG_WARN_OBJC_IMPLICIT_RETAIN_SELF = YES;
				CLANG_WARN_OBJC_LITERAL_CONVERSION = YES;
				CLANG_WARN_OBJC_ROOT_CLASS = YES_ERROR;
				CLANG_WARN_QUOTED_INCLUDE_IN_FRAMEWORK_HEADER = YES;
				CLANG_WARN_RANGE_LOOP_ANALYSIS = YES;
				CLANG_WARN_STRICT_PROTOTYPES = YES;
				CLANG_WARN_SUSPICIOUS_MOVE = YES;
				CLANG_WARN_UNGUARDED_AVAILABILITY = YES_AGGRESSIVE;
				CLANG_WARN_UNREACHABLE_CODE = YES;
				CLANG_WARN__DUPLICATE_METHOD_MATCH = YES;
				COPY_PHASE_STRIP = NO;
				DEBUG_INFORMATION_FORMAT = "dwarf-with-dsym";
				ENABLE_NS_ASSERTIONS = NO;
				ENABLE_STRICT_OBJC_MSGSEND = YES;
				GCC_C_LANGUAGE_STANDARD = gnu11;
				GCC_NO_COMMON_BLOCKS = YES;
				GCC_WARN_64_TO_32_BIT_CONVERSION = YES;
				GCC_WARN_ABOUT_RETURN_TYPE = YES_ERROR;
				GCC_WARN_UNDECLARED_SELECTOR = YES;
				GCC_WARN_UNINITIALIZED_AUTOS = YES_AGGRESSIVE;
				GCC_WARN_UNUSED_FUNCTION = YES;
				GCC_WARN_UNUSED_VARIABLE = YES;
				IPHONEOS_DEPLOYMENT_TARGET = 14.4;
				MTL_ENABLE_DEBUG_INFO = NO;
				MTL_FAST_MATH = YES;
				SDKROOT = iphoneos;
				SWIFT_COMPILATION_MODE = wholemodule;
				SWIFT_OPTIMIZATION_LEVEL = "-O";
				VALIDATE_PRODUCT = YES;
			};
			name = Release;
		};
		84E3484D25EB9455003E7D27 /* Debug */ = {
			isa = XCBuildConfiguration;
			buildSettings = {
				ASSETCATALOG_COMPILER_APPICON_NAME = AppIcon;
				CODE_SIGN_STYLE = Automatic;
				DEVELOPMENT_TEAM = 9G6V47L895;
				FRAMEWORK_SEARCH_PATHS = (
					"$(inherited)",
					"$(PROJECT_DIR)/OOP",
					"$(PROJECT_DIR)",
				);
				INFOPLIST_FILE = OOP/Info.plist;
				IPHONEOS_DEPLOYMENT_TARGET = 14.4;
				LD_RUNPATH_SEARCH_PATHS = (
					"$(inherited)",
					"@executable_path/Frameworks",
				);
				PRODUCT_BUNDLE_IDENTIFIER = Nikolssen.OOP;
				PRODUCT_NAME = "$(TARGET_NAME)";
				SWIFT_VERSION = 5.0;
				TARGETED_DEVICE_FAMILY = 1;
			};
			name = Debug;
		};
		84E3484E25EB9455003E7D27 /* Release */ = {
			isa = XCBuildConfiguration;
			buildSettings = {
				ASSETCATALOG_COMPILER_APPICON_NAME = AppIcon;
				CODE_SIGN_STYLE = Automatic;
				DEVELOPMENT_TEAM = 9G6V47L895;
				FRAMEWORK_SEARCH_PATHS = (
					"$(inherited)",
					"$(PROJECT_DIR)/OOP",
					"$(PROJECT_DIR)",
				);
				INFOPLIST_FILE = OOP/Info.plist;
				IPHONEOS_DEPLOYMENT_TARGET = 14.4;
				LD_RUNPATH_SEARCH_PATHS = (
					"$(inherited)",
					"@executable_path/Frameworks",
				);
				PRODUCT_BUNDLE_IDENTIFIER = Nikolssen.OOP;
				PRODUCT_NAME = "$(TARGET_NAME)";
				SWIFT_VERSION = 5.0;
				TARGETED_DEVICE_FAMILY = 1;
			};
			name = Release;
		};
/* End XCBuildConfiguration section */

/* Begin XCConfigurationList section */
		84E3483325EB9452003E7D27 /* Build configuration list for PBXProject "OOP" */ = {
			isa = XCConfigurationList;
			buildConfigurations = (
				84E3484A25EB9455003E7D27 /* Debug */,
				84E3484B25EB9455003E7D27 /* Release */,
			);
			defaultConfigurationIsVisible = 0;
			defaultConfigurationName = Release;
		};
		84E3484C25EB9455003E7D27 /* Build configuration list for PBXNativeTarget "OOP" */ = {
			isa = XCConfigurationList;
			buildConfigurations = (
				84E3484D25EB9455003E7D27 /* Debug */,
				84E3484E25EB9455003E7D27 /* Release */,
			);
			defaultConfigurationIsVisible = 0;
			defaultConfigurationName = Release;
		};
/* End XCConfigurationList section */
	};
	rootObject = 84E3483025EB9452003E7D27 /* Project object */;
}
